
Microsoft Visual Studio Solution File, Format Version 12.00
# Visual Studio Version 16
VisualStudioVersion = 16.0.30804.86
MinimumVisualStudioVersion = 10.0.40219.1
Project("{9A19103F-16F7-4668-BE54-9A1E7A4F7556}") = "CurrencyConverter", "CurrencyConverter\CurrencyConverter.csproj", "{3BE422DD-E785-48E5-9579-800B436C9A3D}"
EndProject
Project("{9A19103F-16F7-4668-BE54-9A1E7A4F7556}") = "NewApp", "NewApp\NewApp.csproj", "{D985A08E-BFF3-4A47-B526-C23652F115A1}"
EndProject
Project("{9A19103F-16F7-4668-BE54-9A1E7A4F7556}") = "NewApp2", "NewApp2\NewApp2.csproj", "{E5CD5C28-B07D-48EF-BBBA-C2E5A01F959D}"
EndProject
Project("{9A19103F-16F7-4668-BE54-9A1E7A4F7556}") = "CurrencyConverter.Test", "CurrencyConverter.Test\CurrencyConverter.Test.csproj", "{90252520-8263-4BEA-8454-DEA53E4D3DBE}"
EndProject
Project("{9A19103F-16F7-4668-BE54-9A1E7A4F7556}") = "task_2803021", "task_2803021\task_2803021.csproj", "{D2E5D137-F7C0-4CB2-AE03-653A32C3BB88}"
EndProject
Project("{2150E333-8FDC-42A3-9474-1A3956D46DE8}") = "Solution Items", "Solution Items", "{DB76F917-CA17-443D-9715-2C70F2A9255D}"
	ProjectSection(SolutionItems) = preProject
		.editorconfig = .editorconfig
	EndProjectSection
EndProject
Project("{FAE04EC0-301F-11D3-BF4B-00C04F79EFBC}") = "tsak_2803445", "tsak_2803445\tsak_2803445.csproj", "{C5608E91-8DFE-4339-9710-86047D609260}"
EndProject
Global
	GlobalSection(SolutionConfigurationPlatforms) = preSolution
		Debug|Any CPU = Debug|Any CPU
		Release|Any CPU = Release|Any CPU
	EndGlobalSection
	GlobalSection(ProjectConfigurationPlatforms) = postSolution
		{3BE422DD-E785-48E5-9579-800B436C9A3D}.Debug|Any CPU.ActiveCfg = Debug|Any CPU
		{3BE422DD-E785-48E5-9579-800B436C9A3D}.Debug|Any CPU.Build.0 = Debug|Any CPU
		{3BE422DD-E785-48E5-9579-800B436C9A3D}.Release|Any CPU.ActiveCfg = Release|Any CPU
		{3BE422DD-E785-48E5-9579-800B436C9A3D}.Release|Any CPU.Build.0 = Release|Any CPU
		{D985A08E-BFF3-4A47-B526-C23652F115A1}.Debug|Any CPU.ActiveCfg = Debug|Any CPU
		{D985A08E-BFF3-4A47-B526-C23652F115A1}.Debug|Any CPU.Build.0 = Debug|Any CPU
		{D985A08E-BFF3-4A47-B526-C23652F115A1}.Release|Any CPU.ActiveCfg = Release|Any CPU
		{D985A08E-BFF3-4A47-B526-C23652F115A1}.Release|Any CPU.Build.0 = Release|Any CPU
		{E5CD5C28-B07D-48EF-BBBA-C2E5A01F959D}.Debug|Any CPU.ActiveCfg = Debug|Any CPU
		{E5CD5C28-B07D-48EF-BBBA-C2E5A01F959D}.Debug|Any CPU.Build.0 = Debug|Any CPU
		{E5CD5C28-B07D-48EF-BBBA-C2E5A01F959D}.Release|Any CPU.ActiveCfg = Release|Any CPU
		{E5CD5C28-B07D-48EF-BBBA-C2E5A01F959D}.Release|Any CPU.Build.0 = Release|Any CPU
		{90252520-8263-4BEA-8454-DEA53E4D3DBE}.Debug|Any CPU.ActiveCfg = Debug|Any CPU
		{90252520-8263-4BEA-8454-DEA53E4D3DBE}.Debug|Any CPU.Build.0 = Debug|Any CPU
		{90252520-8263-4BEA-8454-DEA53E4D3DBE}.Release|Any CPU.ActiveCfg = Release|Any CPU
		{90252520-8263-4BEA-8454-DEA53E4D3DBE}.Release|Any CPU.Build.0 = Release|Any CPU
		{D2E5D137-F7C0-4CB2-AE03-653A32C3BB88}.Debug|Any CPU.ActiveCfg = Debug|Any CPU
		{D2E5D137-F7C0-4CB2-AE03-653A32C3BB88}.Debug|Any CPU.Build.0 = Debug|Any CPU
		{D2E5D137-F7C0-4CB2-AE03-653A32C3BB88}.Release|Any CPU.ActiveCfg = Release|Any CPU
		{D2E5D137-F7C0-4CB2-AE03-653A32C3BB88}.Release|Any CPU.Build.0 = Release|Any CPU
		{C5608E91-8DFE-4339-9710-86047D609260}.Debug|Any CPU.ActiveCfg = Debug|Any CPU
		{C5608E91-8DFE-4339-9710-86047D609260}.Debug|Any CPU.Build.0 = Debug|Any CPU
		{C5608E91-8DFE-4339-9710-86047D609260}.Release|Any CPU.ActiveCfg = Release|Any CPU
		{C5608E91-8DFE-4339-9710-86047D609260}.Release|Any CPU.Build.0 = Release|Any CPU
	EndGlobalSection
	GlobalSection(SolutionProperties) = preSolution
		HideSolutionNode = FALSE
	EndGlobalSection
	GlobalSection(ExtensibilityGlobals) = postSolution
		SolutionGuid = {2922B33A-BC35-4C96-9C82-7EEC092117F9}
	EndGlobalSection
EndGlobal
